// !$*UTF8*$!
{
	archiveVersion = 1;
	classes = {
	};
	objectVersion = 48;
	objects = {

/* Begin PBXBuildFile section */
		7521BA7020479207002920FD /* AppDelegate.swift in Sources */ = {isa = PBXBuildFile; fileRef = 7521BA6F20479207002920FD /* AppDelegate.swift */; };
		7521BA7220479208002920FD /* ViewController.swift in Sources */ = {isa = PBXBuildFile; fileRef = 7521BA7120479208002920FD /* ViewController.swift */; };
		7521BA7520479208002920FD /* Main.storyboard in Resources */ = {isa = PBXBuildFile; fileRef = 7521BA7320479208002920FD /* Main.storyboard */; };
		7521BA7720479208002920FD /* Assets.xcassets in Resources */ = {isa = PBXBuildFile; fileRef = 7521BA7620479208002920FD /* Assets.xcassets */; };
		7521BA7A20479208002920FD /* LaunchScreen.storyboard in Resources */ = {isa = PBXBuildFile; fileRef = 7521BA7820479208002920FD /* LaunchScreen.storyboard */; };
		7521BA8520479208002920FD /* DefaultsTests.swift in Sources */ = {isa = PBXBuildFile; fileRef = 7521BA8420479208002920FD /* DefaultsTests.swift */; };
		7521BA912047921A002920FD /* Preferences.swift in Sources */ = {isa = PBXBuildFile; fileRef = 7521BA8F2047921A002920FD /* Preferences.swift */; };
		7521BA922047921A002920FD /* BasePreferences.swift in Sources */ = {isa = PBXBuildFile; fileRef = 7521BA902047921A002920FD /* BasePreferences.swift */; };
		756D842E2083316400E110ED /* Temp.swift in Sources */ = {isa = PBXBuildFile; fileRef = 756D842D2083316400E110ED /* Temp.swift */; };
		756EBD83204A6EA200C73FF5 /* NSObject+KVO.swift in Sources */ = {isa = PBXBuildFile; fileRef = 756EBD82204A6EA200C73FF5 /* NSObject+KVO.swift */; };
		756EBD85205CB09000C73FF5 /* PlistObjectEncoder.swift in Sources */ = {isa = PBXBuildFile; fileRef = 756EBD84205CB09000C73FF5 /* PlistObjectEncoder.swift */; };
		756EBD87205CE6F700C73FF5 /* PlistObjectKey.swift in Sources */ = {isa = PBXBuildFile; fileRef = 756EBD86205CE6F700C73FF5 /* PlistObjectKey.swift */; };
		756EBD892066944100C73FF5 /* EncoderTests.swift in Sources */ = {isa = PBXBuildFile; fileRef = 756EBD882066944100C73FF5 /* EncoderTests.swift */; };
		756EBD8B2066945B00C73FF5 /* PlistEncoder.swift in Sources */ = {isa = PBXBuildFile; fileRef = 756EBD8A2066945B00C73FF5 /* PlistEncoder.swift */; };
		756EBD8D2067E43600C73FF5 /* PlistObjectDecoder.swift in Sources */ = {isa = PBXBuildFile; fileRef = 756EBD8C2067E43600C73FF5 /* PlistObjectDecoder.swift */; };
		75C6C65A2070BC1C00532E39 /* MyPlist.plist in Resources */ = {isa = PBXBuildFile; fileRef = 75C6C6592070BC1C00532E39 /* MyPlist.plist */; };
/* End PBXBuildFile section */

/* Begin PBXContainerItemProxy section */
		7521BA8120479208002920FD /* PBXContainerItemProxy */ = {
			isa = PBXContainerItemProxy;
			containerPortal = 7521BA6420479207002920FD /* Project object */;
			proxyType = 1;
			remoteGlobalIDString = 7521BA6B20479207002920FD;
			remoteInfo = Defaults;
		};
/* End PBXContainerItemProxy section */

/* Begin PBXFileReference section */
		7521BA6C20479207002920FD /* Defaults.app */ = {isa = PBXFileReference; explicitFileType = wrapper.application; includeInIndex = 0; path = Defaults.app; sourceTree = BUILT_PRODUCTS_DIR; };
		7521BA6F20479207002920FD /* AppDelegate.swift */ = {isa = PBXFileReference; lastKnownFileType = sourcecode.swift; path = AppDelegate.swift; sourceTree = "<group>"; };
		7521BA7120479208002920FD /* ViewController.swift */ = {isa = PBXFileReference; lastKnownFileType = sourcecode.swift; path = ViewController.swift; sourceTree = "<group>"; };
		7521BA7420479208002920FD /* Base */ = {isa = PBXFileReference; lastKnownFileType = file.storyboard; name = Base; path = Base.lproj/Main.storyboard; sourceTree = "<group>"; };
		7521BA7620479208002920FD /* Assets.xcassets */ = {isa = PBXFileReference; lastKnownFileType = folder.assetcatalog; path = Assets.xcassets; sourceTree = "<group>"; };
		7521BA7920479208002920FD /* Base */ = {isa = PBXFileReference; lastKnownFileType = file.storyboard; name = Base; path = Base.lproj/LaunchScreen.storyboard; sourceTree = "<group>"; };
		7521BA7B20479208002920FD /* Info.plist */ = {isa = PBXFileReference; lastKnownFileType = text.plist.xml; path = Info.plist; sourceTree = "<group>"; };
		7521BA8020479208002920FD /* DefaultsTests.xctest */ = {isa = PBXFileReference; explicitFileType = wrapper.cfbundle; includeInIndex = 0; path = DefaultsTests.xctest; sourceTree = BUILT_PRODUCTS_DIR; };
		7521BA8420479208002920FD /* DefaultsTests.swift */ = {isa = PBXFileReference; lastKnownFileType = sourcecode.swift; path = DefaultsTests.swift; sourceTree = "<group>"; };
		7521BA8620479208002920FD /* Info.plist */ = {isa = PBXFileReference; lastKnownFileType = text.plist.xml; path = Info.plist; sourceTree = "<group>"; };
		7521BA8F2047921A002920FD /* Preferences.swift */ = {isa = PBXFileReference; fileEncoding = 4; lastKnownFileType = sourcecode.swift; path = Preferences.swift; sourceTree = "<group>"; };
		7521BA902047921A002920FD /* BasePreferences.swift */ = {isa = PBXFileReference; fileEncoding = 4; lastKnownFileType = sourcecode.swift; path = BasePreferences.swift; sourceTree = "<group>"; };
		756D842D2083316400E110ED /* Temp.swift */ = {isa = PBXFileReference; lastKnownFileType = sourcecode.swift; path = Temp.swift; sourceTree = "<group>"; };
		756EBD82204A6EA200C73FF5 /* NSObject+KVO.swift */ = {isa = PBXFileReference; lastKnownFileType = sourcecode.swift; path = "NSObject+KVO.swift"; sourceTree = "<group>"; };
		756EBD84205CB09000C73FF5 /* PlistObjectEncoder.swift */ = {isa = PBXFileReference; lastKnownFileType = sourcecode.swift; path = PlistObjectEncoder.swift; sourceTree = "<group>"; };
		756EBD86205CE6F700C73FF5 /* PlistObjectKey.swift */ = {isa = PBXFileReference; lastKnownFileType = sourcecode.swift; path = PlistObjectKey.swift; sourceTree = "<group>"; };
		756EBD882066944100C73FF5 /* EncoderTests.swift */ = {isa = PBXFileReference; lastKnownFileType = sourcecode.swift; path = EncoderTests.swift; sourceTree = "<group>"; };
		756EBD8A2066945B00C73FF5 /* PlistEncoder.swift */ = {isa = PBXFileReference; fileEncoding = 4; lastKnownFileType = sourcecode.swift; path = PlistEncoder.swift; sourceTree = "<group>"; };
		756EBD8C2067E43600C73FF5 /* PlistObjectDecoder.swift */ = {isa = PBXFileReference; lastKnownFileType = sourcecode.swift; path = PlistObjectDecoder.swift; sourceTree = "<group>"; };
		75C6C6592070BC1C00532E39 /* MyPlist.plist */ = {isa = PBXFileReference; lastKnownFileType = text.plist.xml; path = MyPlist.plist; sourceTree = "<group>"; };
/* End PBXFileReference section */

/* Begin PBXFrameworksBuildPhase section */
		7521BA6920479207002920FD /* Frameworks */ = {
			isa = PBXFrameworksBuildPhase;
			buildActionMask = 2147483647;
			files = (
			);
			runOnlyForDeploymentPostprocessing = 0;
		};
		7521BA7D20479208002920FD /* Frameworks */ = {
			isa = PBXFrameworksBuildPhase;
			buildActionMask = 2147483647;
			files = (
			);
			runOnlyForDeploymentPostprocessing = 0;
		};
/* End PBXFrameworksBuildPhase section */

/* Begin PBXGroup section */
		7521BA6320479207002920FD = {
			isa = PBXGroup;
			children = (
				7521BA6E20479207002920FD /* Defaults */,
				7521BA8320479208002920FD /* DefaultsTests */,
				7521BA6D20479207002920FD /* Products */,
			);
			sourceTree = "<group>";
		};
		7521BA6D20479207002920FD /* Products */ = {
			isa = PBXGroup;
			children = (
				7521BA6C20479207002920FD /* Defaults.app */,
				7521BA8020479208002920FD /* DefaultsTests.xctest */,
			);
			name = Products;
			sourceTree = "<group>";
		};
		7521BA6E20479207002920FD /* Defaults */ = {
			isa = PBXGroup;
			children = (
				7521BA6F20479207002920FD /* AppDelegate.swift */,
				7521BA7120479208002920FD /* ViewController.swift */,
				756EBD82204A6EA200C73FF5 /* NSObject+KVO.swift */,
				756EBD84205CB09000C73FF5 /* PlistObjectEncoder.swift */,
				756EBD8C2067E43600C73FF5 /* PlistObjectDecoder.swift */,
				756EBD86205CE6F700C73FF5 /* PlistObjectKey.swift */,
				7521BA902047921A002920FD /* BasePreferences.swift */,
				756D842D2083316400E110ED /* Temp.swift */,
				7521BA8F2047921A002920FD /* Preferences.swift */,
				756EBD8A2066945B00C73FF5 /* PlistEncoder.swift */,
				75C6C6592070BC1C00532E39 /* MyPlist.plist */,
				7521BA7320479208002920FD /* Main.storyboard */,
				7521BA7620479208002920FD /* Assets.xcassets */,
				7521BA7820479208002920FD /* LaunchScreen.storyboard */,
				7521BA7B20479208002920FD /* Info.plist */,
			);
			path = Defaults;
			sourceTree = "<group>";
		};
		7521BA8320479208002920FD /* DefaultsTests */ = {
			isa = PBXGroup;
			children = (
				7521BA8420479208002920FD /* DefaultsTests.swift */,
				756EBD882066944100C73FF5 /* EncoderTests.swift */,
				7521BA8620479208002920FD /* Info.plist */,
			);
			path = DefaultsTests;
			sourceTree = "<group>";
		};
/* End PBXGroup section */

/* Begin PBXNativeTarget section */
		7521BA6B20479207002920FD /* Defaults */ = {
			isa = PBXNativeTarget;
			buildConfigurationList = 7521BA8920479208002920FD /* Build configuration list for PBXNativeTarget "Defaults" */;
			buildPhases = (
				7521BA6820479207002920FD /* Sources */,
				7521BA6920479207002920FD /* Frameworks */,
				7521BA6A20479207002920FD /* Resources */,
			);
			buildRules = (
			);
			dependencies = (
			);
			name = Defaults;
			productName = Defaults;
			productReference = 7521BA6C20479207002920FD /* Defaults.app */;
			productType = "com.apple.product-type.application";
		};
		7521BA7F20479208002920FD /* DefaultsTests */ = {
			isa = PBXNativeTarget;
			buildConfigurationList = 7521BA8C20479208002920FD /* Build configuration list for PBXNativeTarget "DefaultsTests" */;
			buildPhases = (
				7521BA7C20479208002920FD /* Sources */,
				7521BA7D20479208002920FD /* Frameworks */,
				7521BA7E20479208002920FD /* Resources */,
			);
			buildRules = (
			);
			dependencies = (
				7521BA8220479208002920FD /* PBXTargetDependency */,
			);
			name = DefaultsTests;
			productName = DefaultsTests;
			productReference = 7521BA8020479208002920FD /* DefaultsTests.xctest */;
			productType = "com.apple.product-type.bundle.unit-test";
		};
/* End PBXNativeTarget section */

/* Begin PBXProject section */
		7521BA6420479207002920FD /* Project object */ = {
			isa = PBXProject;
			attributes = {
				LastSwiftUpdateCheck = 0920;
				LastUpgradeCheck = 0930;
				ORGANIZATIONNAME = "Ukjeong Lee";
				TargetAttributes = {
					7521BA6B20479207002920FD = {
						CreatedOnToolsVersion = 9.2;
						ProvisioningStyle = Automatic;
					};
					7521BA7F20479208002920FD = {
						CreatedOnToolsVersion = 9.2;
						ProvisioningStyle = Automatic;
						TestTargetID = 7521BA6B20479207002920FD;
					};
				};
			};
			buildConfigurationList = 7521BA6720479207002920FD /* Build configuration list for PBXProject "Defaults" */;
			compatibilityVersion = "Xcode 8.0";
			developmentRegion = en;
			hasScannedForEncodings = 0;
			knownRegions = (
				en,
				Base,
			);
			mainGroup = 7521BA6320479207002920FD;
			productRefGroup = 7521BA6D20479207002920FD /* Products */;
			projectDirPath = "";
			projectRoot = "";
			targets = (
				7521BA6B20479207002920FD /* Defaults */,
				7521BA7F20479208002920FD /* DefaultsTests */,
			);
		};
/* End PBXProject section */

/* Begin PBXResourcesBuildPhase section */
		7521BA6A20479207002920FD /* Resources */ = {
			isa = PBXResourcesBuildPhase;
			buildActionMask = 2147483647;
			files = (
				7521BA7A20479208002920FD /* LaunchScreen.storyboard in Resources */,
				75C6C65A2070BC1C00532E39 /* MyPlist.plist in Resources */,
				7521BA7720479208002920FD /* Assets.xcassets in Resources */,
				7521BA7520479208002920FD /* Main.storyboard in Resources */,
			);
			runOnlyForDeploymentPostprocessing = 0;
		};
		7521BA7E20479208002920FD /* Resources */ = {
			isa = PBXResourcesBuildPhase;
			buildActionMask = 2147483647;
			files = (
			);
			runOnlyForDeploymentPostprocessing = 0;
		};
/* End PBXResourcesBuildPhase section */

/* Begin PBXSourcesBuildPhase section */
		7521BA6820479207002920FD /* Sources */ = {
			isa = PBXSourcesBuildPhase;
			buildActionMask = 2147483647;
			files = (
				756EBD83204A6EA200C73FF5 /* NSObject+KVO.swift in Sources */,
				756EBD8B2066945B00C73FF5 /* PlistEncoder.swift in Sources */,
				756EBD8D2067E43600C73FF5 /* PlistObjectDecoder.swift in Sources */,
				7521BA7220479208002920FD /* ViewController.swift in Sources */,
				756EBD87205CE6F700C73FF5 /* PlistObjectKey.swift in Sources */,
				7521BA922047921A002920FD /* BasePreferences.swift in Sources */,
				7521BA7020479207002920FD /* AppDelegate.swift in Sources */,
				756D842E2083316400E110ED /* Temp.swift in Sources */,
				756EBD85205CB09000C73FF5 /* PlistObjectEncoder.swift in Sources */,
				7521BA912047921A002920FD /* Preferences.swift in Sources */,
			);
			runOnlyForDeploymentPostprocessing = 0;
		};
		7521BA7C20479208002920FD /* Sources */ = {
			isa = PBXSourcesBuildPhase;
			buildActionMask = 2147483647;
			files = (
				756EBD892066944100C73FF5 /* EncoderTests.swift in Sources */,
				7521BA8520479208002920FD /* DefaultsTests.swift in Sources */,
			);
			runOnlyForDeploymentPostprocessing = 0;
		};
/* End PBXSourcesBuildPhase section */

/* Begin PBXTargetDependency section */
		7521BA8220479208002920FD /* PBXTargetDependency */ = {
			isa = PBXTargetDependency;
			target = 7521BA6B20479207002920FD /* Defaults */;
			targetProxy = 7521BA8120479208002920FD /* PBXContainerItemProxy */;
		};
/* End PBXTargetDependency section */

/* Begin PBXVariantGroup section */
		7521BA7320479208002920FD /* Main.storyboard */ = {
			isa = PBXVariantGroup;
			children = (
				7521BA7420479208002920FD /* Base */,
			);
			name = Main.storyboard;
			sourceTree = "<group>";
		};
		7521BA7820479208002920FD /* LaunchScreen.storyboard */ = {
			isa = PBXVariantGroup;
			children = (
				7521BA7920479208002920FD /* Base */,
			);
			name = LaunchScreen.storyboard;
			sourceTree = "<group>";
		};
/* End PBXVariantGroup section */

/* Begin XCBuildConfiguration section */
		7521BA8720479208002920FD /* Debug */ = {
			isa = XCBuildConfiguration;
			buildSettings = {
				ALWAYS_SEARCH_USER_PATHS = NO;
				CLANG_ANALYZER_NONNULL = YES;
				CLANG_ANALYZER_NUMBER_OBJECT_CONVERSION = YES_AGGRESSIVE;
				CLANG_CXX_LANGUAGE_STANDARD = "gnu++14";
				CLANG_CXX_LIBRARY = "libc++";
				CLANG_ENABLE_MODULES = YES;
				CLANG_ENABLE_OBJC_ARC = YES;
				CLANG_WARN_BLOCK_CAPTURE_AUTORELEASING = YES;
				CLANG_WARN_BOOL_CONVERSION = YES;
				CLANG_WARN_COMMA = YES;
				CLANG_WARN_CONSTANT_CONVERSION = YES;
				CLANG_WARN_DEPRECATED_OBJC_IMPLEMENTATIONS = YES;
				CLANG_WARN_DIRECT_OBJC_ISA_USAGE = YES_ERROR;
				CLANG_WARN_DOCUMENTATION_COMMENTS = YES;
				CLANG_WARN_EMPTY_BODY = YES;
				CLANG_WARN_ENUM_CONVERSION = YES;
				CLANG_WARN_INFINITE_RECURSION = YES;
				CLANG_WARN_INT_CONVERSION = YES;
				CLANG_WARN_NON_LITERAL_NULL_CONVERSION = YES;
				CLANG_WARN_OBJC_IMPLICIT_RETAIN_SELF = YES;
				CLANG_WARN_OBJC_LITERAL_CONVERSION = YES;
				CLANG_WARN_OBJC_ROOT_CLASS = YES_ERROR;
				CLANG_WARN_RANGE_LOOP_ANALYSIS = YES;
				CLANG_WARN_STRICT_PROTOTYPES = YES;
				CLANG_WARN_SUSPICIOUS_MOVE = YES;
				CLANG_WARN_UNGUARDED_AVAILABILITY = YES_AGGRESSIVE;
				CLANG_WARN_UNREACHABLE_CODE = YES;
				CLANG_WARN__DUPLICATE_METHOD_MATCH = YES;
				CODE_SIGN_IDENTITY = "iPhone Developer";
				COPY_PHASE_STRIP = NO;
				DEBUG_INFORMATION_FORMAT = dwarf;
				ENABLE_STRICT_OBJC_MSGSEND = YES;
				ENABLE_TESTABILITY = YES;
				GCC_C_LANGUAGE_STANDARD = gnu11;
				GCC_DYNAMIC_NO_PIC = NO;
				GCC_NO_COMMON_BLOCKS = YES;
				GCC_OPTIMIZATION_LEVEL = 0;
				GCC_PREPROCESSOR_DEFINITIONS = (
					"DEBUG=1",
					"$(inherited)",
				);
				GCC_WARN_64_TO_32_BIT_CONVERSION = YES;
				GCC_WARN_ABOUT_RETURN_TYPE = YES_ERROR;
				GCC_WARN_UNDECLARED_SELECTOR = YES;
				GCC_WARN_UNINITIALIZED_AUTOS = YES_AGGRESSIVE;
				GCC_WARN_UNUSED_FUNCTION = YES;
				GCC_WARN_UNUSED_VARIABLE = YES;
				IPHONEOS_DEPLOYMENT_TARGET = 11.2;
				MTL_ENABLE_DEBUG_INFO = YES;
				ONLY_ACTIVE_ARCH = YES;
				SDKROOT = iphoneos;
				SWIFT_ACTIVE_COMPILATION_CONDITIONS = DEBUG;
				SWIFT_OPTIMIZATION_LEVEL = "-Onone";
			};
			name = Debug;
		};
		7521BA8820479208002920FD /* Release */ = {
			isa = XCBuildConfiguration;
			buildSettings = {
				ALWAYS_SEARCH_USER_PATHS = NO;
				CLANG_ANALYZER_NONNULL = YES;
				CLANG_ANALYZER_NUMBER_OBJECT_CONVERSION = YES_AGGRESSIVE;
				CLANG_CXX_LANGUAGE_STANDARD = "gnu++14";
				CLANG_CXX_LIBRARY = "libc++";
				CLANG_ENABLE_MODULES = YES;
				CLANG_ENABLE_OBJC_ARC = YES;
				CLANG_WARN_BLOCK_CAPTURE_AUTORELEASING = YES;
				CLANG_WARN_BOOL_CONVERSION = YES;
				CLANG_WARN_COMMA = YES;
				CLANG_WARN_CONSTANT_CONVERSION = YES;
				CLANG_WARN_DEPRECATED_OBJC_IMPLEMENTATIONS = YES;
				CLANG_WARN_DIRECT_OBJC_ISA_USAGE = YES_ERROR;
				CLANG_WARN_DOCUMENTATION_COMMENTS = YES;
				CLANG_WARN_EMPTY_BODY = YES;
				CLANG_WARN_ENUM_CONVERSION = YES;
				CLANG_WARN_INFINITE_RECURSION = YES;
				CLANG_WARN_INT_CONVERSION = YES;
				CLANG_WARN_NON_LITERAL_NULL_CONVERSION = YES;
				CLANG_WARN_OBJC_IMPLICIT_RETAIN_SELF = YES;
				CLANG_WARN_OBJC_LITERAL_CONVERSION = YES;
				CLANG_WARN_OBJC_ROOT_CLASS = YES_ERROR;
				CLANG_WARN_RANGE_LOOP_ANALYSIS = YES;
				CLANG_WARN_STRICT_PROTOTYPES = YES;
				CLANG_WARN_SUSPICIOUS_MOVE = YES;
				CLANG_WARN_UNGUARDED_AVAILABILITY = YES_AGGRESSIVE;
				CLANG_WARN_UNREACHABLE_CODE = YES;
				CLANG_WARN__DUPLICATE_METHOD_MATCH = YES;
				CODE_SIGN_IDENTITY = "iPhone Developer";
				COPY_PHASE_STRIP = NO;
				DEBUG_INFORMATION_FORMAT = "dwarf-with-dsym";
				ENABLE_NS_ASSERTIONS = NO;
				ENABLE_STRICT_OBJC_MSGSEND = YES;
				GCC_C_LANGUAGE_STANDARD = gnu11;
				GCC_NO_COMMON_BLOCKS = YES;
				GCC_WARN_64_TO_32_BIT_CONVERSION = YES;
				GCC_WARN_ABOUT_RETURN_TYPE = YES_ERROR;
				GCC_WARN_UNDECLARED_SELECTOR = YES;
				GCC_WARN_UNINITIALIZED_AUTOS = YES_AGGRESSIVE;
				GCC_WARN_UNUSED_FUNCTION = YES;
				GCC_WARN_UNUSED_VARIABLE = YES;
				IPHONEOS_DEPLOYMENT_TARGET = 11.2;
				MTL_ENABLE_DEBUG_INFO = NO;
				SDKROOT = iphoneos;
				SWIFT_OPTIMIZATION_LEVEL = "-Owholemodule";
				VALIDATE_PRODUCT = YES;
			};
			name = Release;
		};
		7521BA8A20479208002920FD /* Debug */ = {
			isa = XCBuildConfiguration;
			buildSettings = {
				ASSETCATALOG_COMPILER_APPICON_NAME = AppIcon;
				CODE_SIGN_STYLE = Automatic;
				INFOPLIST_FILE = Defaults/Info.plist;
				LD_RUNPATH_SEARCH_PATHS = "$(inherited) @executable_path/Frameworks";
				PRODUCT_BUNDLE_IDENTIFIER = nearfri.Defaults;
				PRODUCT_NAME = "$(TARGET_NAME)";
				SWIFT_VERSION = 4.0;
				TARGETED_DEVICE_FAMILY = "1,2";
			};
			name = Debug;
		};
		7521BA8B20479208002920FD /* Release */ = {
			isa = XCBuildConfiguration;
			buildSettings = {
				ASSETCATALOG_COMPILER_APPICON_NAME = AppIcon;
				CODE_SIGN_STYLE = Automatic;
				INFOPLIST_FILE = Defaults/Info.plist;
				LD_RUNPATH_SEARCH_PATHS = "$(inherited) @executable_path/Frameworks";
				PRODUCT_BUNDLE_IDENTIFIER = nearfri.Defaults;
				PRODUCT_NAME = "$(TARGET_NAME)";
				SWIFT_VERSION = 4.0;
				TARGETED_DEVICE_FAMILY = "1,2";
			};
			name = Release;
		};
		7521BA8D20479208002920FD /* Debug */ = {
			isa = XCBuildConfiguration;
			buildSettings = {
				ALWAYS_EMBED_SWIFT_STANDARD_LIBRARIES = YES;
				BUNDLE_LOADER = "$(TEST_HOST)";
				CODE_SIGN_STYLE = Automatic;
				INFOPLIST_FILE = DefaultsTests/Info.plist;
				LD_RUNPATH_SEARCH_PATHS = "$(inherited) @executable_path/Frameworks @loader_path/Frameworks";
				PRODUCT_BUNDLE_IDENTIFIER = nearfri.DefaultsTests;
				PRODUCT_NAME = "$(TARGET_NAME)";
				SWIFT_VERSION = 4.0;
				TARGETED_DEVICE_FAMILY = "1,2";
				TEST_HOST = "$(BUILT_PRODUCTS_DIR)/Defaults.app/Defaults";
			};
			name = Debug;
		};
		7521BA8E20479208002920FD /* Release */ = {
			isa = XCBuildConfiguration;
			buildSettings = {
				ALWAYS_EMBED_SWIFT_STANDARD_LIBRARIES = YES;
				BUNDLE_LOADER = "$(TEST_HOST)";
				CODE_SIGN_STYLE = Automatic;
				INFOPLIST_FILE = DefaultsTests/Info.plist;
				LD_RUNPATH_SEARCH_PATHS = "$(inherited) @executable_path/Frameworks @loader_path/Frameworks";
				PRODUCT_BUNDLE_IDENTIFIER = nearfri.DefaultsTests;
				PRODUCT_NAME = "$(TARGET_NAME)";
				SWIFT_VERSION = 4.0;
				TARGETED_DEVICE_FAMILY = "1,2";
				TEST_HOST = "$(BUILT_PRODUCTS_DIR)/Defaults.app/Defaults";
			};
			name = Release;
		};
/* End XCBuildConfiguration section */

/* Begin XCConfigurationList section */
		7521BA6720479207002920FD /* Build configuration list for PBXProject "Defaults" */ = {
			isa = XCConfigurationList;
			buildConfigurations = (
				7521BA8720479208002920FD /* Debug */,
				7521BA8820479208002920FD /* Release */,
			);
			defaultConfigurationIsVisible = 0;
			defaultConfigurationName = Release;
		};
		7521BA8920479208002920FD /* Build configuration list for PBXNativeTarget "Defaults" */ = {
			isa = XCConfigurationList;
			buildConfigurations = (
				7521BA8A20479208002920FD /* Debug */,
				7521BA8B20479208002920FD /* Release */,
			);
			defaultConfigurationIsVisible = 0;
			defaultConfigurationName = Release;
		};
		7521BA8C20479208002920FD /* Build configuration list for PBXNativeTarget "DefaultsTests" */ = {
			isa = XCConfigurationList;
			buildConfigurations = (
				7521BA8D20479208002920FD /* Debug */,
				7521BA8E20479208002920FD /* Release */,
			);
			defaultConfigurationIsVisible = 0;
			defaultConfigurationName = Release;
		};
/* End XCConfigurationList section */
	};
	rootObject = 7521BA6420479207002920FD /* Project object */;
}
